
Microsoft Visual Studio Solution File, Format Version 12.00
# Visual Studio Version 16
VisualStudioVersion = 16.0.31424.327
MinimumVisualStudioVersion = 10.0.40219.1
Project("{9A19103F-16F7-4668-BE54-9A1E7A4F7556}") = "CabInvoiceGenerator", "CabInvoiceGenerator.csproj", "{926356C2-AC45-4F5C-B23A-8F71B4F3E557}"
EndProject
Project("{FAE04EC0-301F-11D3-BF4B-00C04F79EFBC}") = "CabInvoiceGeneratorTest", "..\CabInvoiceGeneratorTest\CabInvoiceGeneratorTest.csproj", "{71E13016-A765-4498-984E-F1BDBA013497}"
EndProject
Global
	GlobalSection(SolutionConfigurationPlatforms) = preSolution
		Debug|Any CPU = Debug|Any CPU
		Release|Any CPU = Release|Any CPU
	EndGlobalSection
	GlobalSection(ProjectConfigurationPlatforms) = postSolution
		{926356C2-AC45-4F5C-B23A-8F71B4F3E557}.Debug|Any CPU.ActiveCfg = Debug|Any CPU
		{926356C2-AC45-4F5C-B23A-8F71B4F3E557}.Debug|Any CPU.Build.0 = Debug|Any CPU
		{926356C2-AC45-4F5C-B23A-8F71B4F3E557}.Release|Any CPU.ActiveCfg = Release|Any CPU
		{926356C2-AC45-4F5C-B23A-8F71B4F3E557}.Release|Any CPU.Build.0 = Release|Any CPU
		{71E13016-A765-4498-984E-F1BDBA013497}.Debug|Any CPU.ActiveCfg = Debug|Any CPU
		{71E13016-A765-4498-984E-F1BDBA013497}.Debug|Any CPU.Build.0 = Debug|Any CPU
		{71E13016-A765-4498-984E-F1BDBA013497}.Release|Any CPU.ActiveCfg = Release|Any CPU
		{71E13016-A765-4498-984E-F1BDBA013497}.Release|Any CPU.Build.0 = Release|Any CPU
	EndGlobalSection
	GlobalSection(SolutionProperties) = preSolution
		HideSolutionNode = FALSE
	EndGlobalSection
	GlobalSection(ExtensibilityGlobals) = postSolution
		SolutionGuid = {8C6253A8-9951-44BD-BB86-7595377D8D83}
	EndGlobalSection
EndGlobal
